
Microsoft Visual Studio Solution File, Format Version 12.00
# Visual Studio Version 17
VisualStudioVersion = 17.0.31903.59
MinimumVisualStudioVersion = 10.0.40219.1
Project("{FAE04EC0-301F-11D3-BF4B-00C04F79EFBC}") = "practice", "practice.csproj", "{60A5A074-A688-4C58-943B-25FDD2083277}"
EndProject
Global
	GlobalSection(SolutionConfigurationPlatforms) = preSolution
		Debug|Any CPU = Debug|Any CPU
		Release|Any CPU = Release|Any CPU
	EndGlobalSection
	GlobalSection(SolutionProperties) = preSolution
		HideSolutionNode = FALSE
	EndGlobalSection
	GlobalSection(ProjectConfigurationPlatforms) = postSolution
		{60A5A074-A688-4C58-943B-25FDD2083277}.Debug|Any CPU.ActiveCfg = Debug|Any CPU
		{60A5A074-A688-4C58-943B-25FDD2083277}.Debug|Any CPU.Build.0 = Debug|Any CPU
		{60A5A074-A688-4C58-943B-25FDD2083277}.Release|Any CPU.ActiveCfg = Release|Any CPU
		{60A5A074-A688-4C58-943B-25FDD2083277}.Release|Any CPU.Build.0 = Release|Any CPU
	EndGlobalSection
EndGlobal
